
Microsoft Visual Studio Solution File, Format Version 12.00
# Visual Studio Version 16
VisualStudioVersion = 16.0.29613.14
MinimumVisualStudioVersion = 10.0.40219.1
Project("{FAE04EC0-301F-11D3-BF4B-00C04F79EFBC}") = "数据导入", "标本查看\数据导入.csproj", "{EBDB056E-C3CD-4857-9674-910826A6AB93}"
EndProject
Global
	GlobalSection(SolutionConfigurationPlatforms) = preSolution
		Debug|Any CPU = Debug|Any CPU
		Release|Any CPU = Release|Any CPU
	EndGlobalSection
	GlobalSection(ProjectConfigurationPlatforms) = postSolution
		{EBDB056E-C3CD-4857-9674-910826A6AB93}.Debug|Any CPU.ActiveCfg = Debug|Any CPU
		{EBDB056E-C3CD-4857-9674-910826A6AB93}.Debug|Any CPU.Build.0 = Debug|Any CPU
		{EBDB056E-C3CD-4857-9674-910826A6AB93}.Release|Any CPU.ActiveCfg = Release|Any CPU
		{EBDB056E-C3CD-4857-9674-910826A6AB93}.Release|Any CPU.Build.0 = Release|Any CPU
	EndGlobalSection
	GlobalSection(SolutionProperties) = preSolution
		HideSolutionNode = FALSE
	EndGlobalSection
	GlobalSection(ExtensibilityGlobals) = postSolution
		SolutionGuid = {C969BE0E-EC44-4F0A-88BC-15BB022D4A51}
	EndGlobalSection
EndGlobal
